// !$*UTF8*$!
{
	archiveVersion = 1;
	classes = {
	};
	objectVersion = 46;
	objects = {

/* Begin PBXBuildFile section */
		1BA1036F1D97A4A800BACE78 /* main.cpp in Sources */ = {isa = PBXBuildFile; fileRef = 1BA1036E1D97A4A800BACE78 /* main.cpp */; };
		1BA103721D97A4D200BACE78 /* GPA.cpp in Sources */ = {isa = PBXBuildFile; fileRef = 1BA103701D97A4D200BACE78 /* GPA.cpp */; };
		1BA103741D97A4F100BACE78 /* Factory.cpp in Sources */ = {isa = PBXBuildFile; fileRef = 1BA103731D97A4F100BACE78 /* Factory.cpp */; };
		1BA1037A1D97A5EB00BACE78 /* Student.cpp in Sources */ = {isa = PBXBuildFile; fileRef = 1BA103781D97A5EB00BACE78 /* Student.cpp */; };
/* End PBXBuildFile section */

/* Begin PBXCopyFilesBuildPhase section */
		1B1501AD1D95CC47008D62F1 /* CopyFiles */ = {
			isa = PBXCopyFilesBuildPhase;
			buildActionMask = 2147483647;
			dstPath = /usr/share/man/man1/;
			dstSubfolderSpec = 0;
			files = (
			);
			runOnlyForDeploymentPostprocessing = 1;
		};
/* End PBXCopyFilesBuildPhase section */

/* Begin PBXFileReference section */
		1B1501AF1D95CC47008D62F1 /* lab7tester */ = {isa = PBXFileReference; explicitFileType = "compiled.mach-o.executable"; includeInIndex = 0; path = lab7tester; sourceTree = BUILT_PRODUCTS_DIR; };
		1BA1036E1D97A4A800BACE78 /* main.cpp */ = {isa = PBXFileReference; fileEncoding = 4; lastKnownFileType = sourcecode.cpp.cpp; path = main.cpp; sourceTree = "<group>"; };
		1BA103701D97A4D200BACE78 /* GPA.cpp */ = {isa = PBXFileReference; fileEncoding = 4; lastKnownFileType = sourcecode.cpp.cpp; path = GPA.cpp; sourceTree = "<group>"; };
		1BA103711D97A4D200BACE78 /* GPA.hpp */ = {isa = PBXFileReference; fileEncoding = 4; lastKnownFileType = sourcecode.cpp.h; path = GPA.hpp; sourceTree = "<group>"; };
		1BA103731D97A4F100BACE78 /* Factory.cpp */ = {isa = PBXFileReference; fileEncoding = 4; lastKnownFileType = sourcecode.cpp.cpp; path = Factory.cpp; sourceTree = "<group>"; };
		1BA103751D97A4FF00BACE78 /* Factory.h */ = {isa = PBXFileReference; lastKnownFileType = sourcecode.c.h; path = Factory.h; sourceTree = "<group>"; };
		1BA103761D97A51700BACE78 /* GPAInterface.h */ = {isa = PBXFileReference; lastKnownFileType = sourcecode.c.h; path = GPAInterface.h; sourceTree = "<group>"; };
		1BA103771D97A52900BACE78 /* StudentInterface.h */ = {isa = PBXFileReference; lastKnownFileType = sourcecode.c.h; path = StudentInterface.h; sourceTree = "<group>"; };
		1BA103781D97A5EB00BACE78 /* Student.cpp */ = {isa = PBXFileReference; fileEncoding = 4; lastKnownFileType = sourcecode.cpp.cpp; path = Student.cpp; sourceTree = "<group>"; };
		1BA103791D97A5EB00BACE78 /* Student.hpp */ = {isa = PBXFileReference; fileEncoding = 4; lastKnownFileType = sourcecode.cpp.h; path = Student.hpp; sourceTree = "<group>"; };
/* End PBXFileReference section */

/* Begin PBXFrameworksBuildPhase section */
		1B1501AC1D95CC47008D62F1 /* Frameworks */ = {
			isa = PBXFrameworksBuildPhase;
			buildActionMask = 2147483647;
			files = (
			);
			runOnlyForDeploymentPostprocessing = 0;
		};
/* End PBXFrameworksBuildPhase section */

/* Begin PBXGroup section */
		1B1501A61D95CC47008D62F1 = {
			isa = PBXGroup;
			children = (
				1BA1036E1D97A4A800BACE78 /* main.cpp */,
				1B1501B11D95CC47008D62F1 /* lab7tester */,
				1B1501B01D95CC47008D62F1 /* Products */,
				1BA103751D97A4FF00BACE78 /* Factory.h */,
				1BA103731D97A4F100BACE78 /* Factory.cpp */,
				1BA103711D97A4D200BACE78 /* GPA.hpp */,
				1BA103701D97A4D200BACE78 /* GPA.cpp */,
				1BA103771D97A52900BACE78 /* StudentInterface.h */,
				1BA103761D97A51700BACE78 /* GPAInterface.h */,
				1BA103791D97A5EB00BACE78 /* Student.hpp */,
				1BA103781D97A5EB00BACE78 /* Student.cpp */,
			);
			sourceTree = "<group>";
		};
		1B1501B01D95CC47008D62F1 /* Products */ = {
			isa = PBXGroup;
			children = (
				1B1501AF1D95CC47008D62F1 /* lab7tester */,
			);
			name = Products;
			sourceTree = "<group>";
		};
		1B1501B11D95CC47008D62F1 /* lab7tester */ = {
			isa = PBXGroup;
			children = (
			);
			path = lab7tester;
			sourceTree = "<group>";
		};
/* End PBXGroup section */

/* Begin PBXNativeTarget section */
		1B1501AE1D95CC47008D62F1 /* lab7tester */ = {
			isa = PBXNativeTarget;
			buildConfigurationList = 1B1501B61D95CC47008D62F1 /* Build configuration list for PBXNativeTarget "lab7tester" */;
			buildPhases = (
				1B1501AB1D95CC47008D62F1 /* Sources */,
				1B1501AC1D95CC47008D62F1 /* Frameworks */,
				1B1501AD1D95CC47008D62F1 /* CopyFiles */,
			);
			buildRules = (
			);
			dependencies = (
			);
			name = lab7tester;
			productName = lab7tester;
			productReference = 1B1501AF1D95CC47008D62F1 /* lab7tester */;
			productType = "com.apple.product-type.tool";
		};
/* End PBXNativeTarget section */

/* Begin PBXProject section */
		1B1501A71D95CC47008D62F1 /* Project object */ = {
			isa = PBXProject;
			attributes = {
				LastUpgradeCheck = 0800;
				ORGANIZATIONNAME = Xunil_programming;
				TargetAttributes = {
					1B1501AE1D95CC47008D62F1 = {
						CreatedOnToolsVersion = 8.0;
						ProvisioningStyle = Automatic;
					};
				};
			};
			buildConfigurationList = 1B1501AA1D95CC47008D62F1 /* Build configuration list for PBXProject "lab7tester" */;
			compatibilityVersion = "Xcode 3.2";
			developmentRegion = English;
			hasScannedForEncodings = 0;
			knownRegions = (
				en,
			);
			mainGroup = 1B1501A61D95CC47008D62F1;
			productRefGroup = 1B1501B01D95CC47008D62F1 /* Products */;
			projectDirPath = "";
			projectRoot = "";
			targets = (
				1B1501AE1D95CC47008D62F1 /* lab7tester */,
			);
		};
/* End PBXProject section */

/* Begin PBXSourcesBuildPhase section */
		1B1501AB1D95CC47008D62F1 /* Sources */ = {
			isa = PBXSourcesBuildPhase;
			buildActionMask = 2147483647;
			files = (
				1BA103741D97A4F100BACE78 /* Factory.cpp in Sources */,
				1BA103721D97A4D200BACE78 /* GPA.cpp in Sources */,
				1BA1036F1D97A4A800BACE78 /* main.cpp in Sources */,
				1BA1037A1D97A5EB00BACE78 /* Student.cpp in Sources */,
			);
			runOnlyForDeploymentPostprocessing = 0;
		};
/* End PBXSourcesBuildPhase section */

/* Begin XCBuildConfiguration section */
		1B1501B41D95CC47008D62F1 /* Debug */ = {
			isa = XCBuildConfiguration;
			buildSettings = {
				ALWAYS_SEARCH_USER_PATHS = NO;
				CLANG_ANALYZER_NONNULL = YES;
				CLANG_CXX_LANGUAGE_STANDARD = "gnu++0x";
				CLANG_CXX_LIBRARY = "libc++";
				CLANG_ENABLE_MODULES = YES;
				CLANG_ENABLE_OBJC_ARC = YES;
				CLANG_WARN_BOOL_CONVERSION = YES;
				CLANG_WARN_CONSTANT_CONVERSION = YES;
				CLANG_WARN_DIRECT_OBJC_ISA_USAGE = YES_ERROR;
				CLANG_WARN_DOCUMENTATION_COMMENTS = YES;
				CLANG_WARN_EMPTY_BODY = YES;
				CLANG_WARN_ENUM_CONVERSION = YES;
				CLANG_WARN_INFINITE_RECURSION = YES;
				CLANG_WARN_INT_CONVERSION = YES;
				CLANG_WARN_OBJC_ROOT_CLASS = YES_ERROR;
				CLANG_WARN_SUSPICIOUS_MOVES = YES;
				CLANG_WARN_UNREACHABLE_CODE = YES;
				CLANG_WARN__DUPLICATE_METHOD_MATCH = YES;
				CODE_SIGN_IDENTITY = "-";
				COPY_PHASE_STRIP = NO;
				DEBUG_INFORMATION_FORMAT = dwarf;
				ENABLE_STRICT_OBJC_MSGSEND = YES;
				ENABLE_TESTABILITY = YES;
				GCC_C_LANGUAGE_STANDARD = gnu99;
				GCC_DYNAMIC_NO_PIC = NO;
				GCC_NO_COMMON_BLOCKS = YES;
				GCC_OPTIMIZATION_LEVEL = 0;
				GCC_PREPROCESSOR_DEFINITIONS = (
					"DEBUG=1",
					"$(inherited)",
				);
				GCC_WARN_64_TO_32_BIT_CONVERSION = YES;
				GCC_WARN_ABOUT_RETURN_TYPE = YES_ERROR;
				GCC_WARN_UNDECLARED_SELECTOR = YES;
				GCC_WARN_UNINITIALIZED_AUTOS = YES_AGGRESSIVE;
				GCC_WARN_UNUSED_FUNCTION = YES;
				GCC_WARN_UNUSED_VARIABLE = YES;
				MACOSX_DEPLOYMENT_TARGET = 10.11;
				MTL_ENABLE_DEBUG_INFO = YES;
				ONLY_ACTIVE_ARCH = YES;
				SDKROOT = macosx;
			};
			name = Debug;
		};
		1B1501B51D95CC47008D62F1 /* Release */ = {
			isa = XCBuildConfiguration;
			buildSettings = {
				ALWAYS_SEARCH_USER_PATHS = NO;
				CLANG_ANALYZER_NONNULL = YES;
				CLANG_CXX_LANGUAGE_STANDARD = "gnu++0x";
				CLANG_CXX_LIBRARY = "libc++";
				CLANG_ENABLE_MODULES = YES;
				CLANG_ENABLE_OBJC_ARC = YES;
				CLANG_WARN_BOOL_CONVERSION = YES;
				CLANG_WARN_CONSTANT_CONVERSION = YES;
				CLANG_WARN_DIRECT_OBJC_ISA_USAGE = YES_ERROR;
				CLANG_WARN_DOCUMENTATION_COMMENTS = YES;
				CLANG_WARN_EMPTY_BODY = YES;
				CLANG_WARN_ENUM_CONVERSION = YES;
				CLANG_WARN_INFINITE_RECURSION = YES;
				CLANG_WARN_INT_CONVERSION = YES;
				CLANG_WARN_OBJC_ROOT_CLASS = YES_ERROR;
				CLANG_WARN_SUSPICIOUS_MOVES = YES;
				CLANG_WARN_UNREACHABLE_CODE = YES;
				CLANG_WARN__DUPLICATE_METHOD_MATCH = YES;
				CODE_SIGN_IDENTITY = "-";
				COPY_PHASE_STRIP = NO;
				DEBUG_INFORMATION_FORMAT = "dwarf-with-dsym";
				ENABLE_NS_ASSERTIONS = NO;
				ENABLE_STRICT_OBJC_MSGSEND = YES;
				GCC_C_LANGUAGE_STANDARD = gnu99;
				GCC_NO_COMMON_BLOCKS = YES;
				GCC_WARN_64_TO_32_BIT_CONVERSION = YES;
				GCC_WARN_ABOUT_RETURN_TYPE = YES_ERROR;
				GCC_WARN_UNDECLARED_SELECTOR = YES;
				GCC_WARN_UNINITIALIZED_AUTOS = YES_AGGRESSIVE;
				GCC_WARN_UNUSED_FUNCTION = YES;
				GCC_WARN_UNUSED_VARIABLE = YES;
				MACOSX_DEPLOYMENT_TARGET = 10.11;
				MTL_ENABLE_DEBUG_INFO = NO;
				SDKROOT = macosx;
			};
			name = Release;
		};
		1B1501B71D95CC47008D62F1 /* Debug */ = {
			isa = XCBuildConfiguration;
			buildSettings = {
				PRODUCT_NAME = "$(TARGET_NAME)";
			};
			name = Debug;
		};
		1B1501B81D95CC47008D62F1 /* Release */ = {
			isa = XCBuildConfiguration;
			buildSettings = {
				PRODUCT_NAME = "$(TARGET_NAME)";
			};
			name = Release;
		};
/* End XCBuildConfiguration section */

/* Begin XCConfigurationList section */
		1B1501AA1D95CC47008D62F1 /* Build configuration list for PBXProject "lab7tester" */ = {
			isa = XCConfigurationList;
			buildConfigurations = (
				1B1501B41D95CC47008D62F1 /* Debug */,
				1B1501B51D95CC47008D62F1 /* Release */,
			);
			defaultConfigurationIsVisible = 0;
			defaultConfigurationName = Release;
		};
		1B1501B61D95CC47008D62F1 /* Build configuration list for PBXNativeTarget "lab7tester" */ = {
			isa = XCConfigurationList;
			buildConfigurations = (
				1B1501B71D95CC47008D62F1 /* Debug */,
				1B1501B81D95CC47008D62F1 /* Release */,
			);
			defaultConfigurationIsVisible = 0;
			defaultConfigurationName = Release;
		};
/* End XCConfigurationList section */
	};
	rootObject = 1B1501A71D95CC47008D62F1 /* Project object */;
}
